
Microsoft Visual Studio Solution File, Format Version 12.00
# Visual Studio Version 16
VisualStudioVersion = 16.0.29009.5
MinimumVisualStudioVersion = 10.0.40219.1
Project("{FAE04EC0-301F-11D3-BF4B-00C04F79EFBC}") = "COMP123-S2019-Lab08", "COMP123-S2019-Lab08.csproj", "{8F610ED4-7D58-4E25-A000-4305FAF563AA}"
EndProject
Global
	GlobalSection(SolutionConfigurationPlatforms) = preSolution
		Debug|Any CPU = Debug|Any CPU
		Release|Any CPU = Release|Any CPU
	EndGlobalSection
	GlobalSection(ProjectConfigurationPlatforms) = postSolution
		{8F610ED4-7D58-4E25-A000-4305FAF563AA}.Debug|Any CPU.ActiveCfg = Debug|Any CPU
		{8F610ED4-7D58-4E25-A000-4305FAF563AA}.Debug|Any CPU.Build.0 = Debug|Any CPU
		{8F610ED4-7D58-4E25-A000-4305FAF563AA}.Release|Any CPU.ActiveCfg = Release|Any CPU
		{8F610ED4-7D58-4E25-A000-4305FAF563AA}.Release|Any CPU.Build.0 = Release|Any CPU
	EndGlobalSection
	GlobalSection(SolutionProperties) = preSolution
		HideSolutionNode = FALSE
	EndGlobalSection
	GlobalSection(ExtensibilityGlobals) = postSolution
		SolutionGuid = {42A22D60-025A-43FE-98B0-C270B8645943}
	EndGlobalSection
EndGlobal
